// !$*UTF8*$!
{
	archiveVersion = 1;
	classes = {
	};
	objectVersion = 46;
	objects = {

/* Begin PBXBuildFile section */
		466B360B1F0DE2C600DE6869 /* AppDelegate.swift in Sources */ = {isa = PBXBuildFile; fileRef = 466B360A1F0DE2C600DE6869 /* AppDelegate.swift */; };
		466B360D1F0DE2C600DE6869 /* ViewController.swift in Sources */ = {isa = PBXBuildFile; fileRef = 466B360C1F0DE2C600DE6869 /* ViewController.swift */; };
		466B36101F0DE2C600DE6869 /* Main.storyboard in Resources */ = {isa = PBXBuildFile; fileRef = 466B360E1F0DE2C600DE6869 /* Main.storyboard */; };
		466B36121F0DE2C600DE6869 /* Assets.xcassets in Resources */ = {isa = PBXBuildFile; fileRef = 466B36111F0DE2C600DE6869 /* Assets.xcassets */; };
		466B36151F0DE2C600DE6869 /* LaunchScreen.storyboard in Resources */ = {isa = PBXBuildFile; fileRef = 466B36131F0DE2C600DE6869 /* LaunchScreen.storyboard */; };
/* End PBXBuildFile section */

/* Begin PBXFileReference section */
		466B36071F0DE2C600DE6869 /* Swift_Base_Demo.app */ = {isa = PBXFileReference; explicitFileType = wrapper.application; includeInIndex = 0; path = Swift_Base_Demo.app; sourceTree = BUILT_PRODUCTS_DIR; };
		466B360A1F0DE2C600DE6869 /* AppDelegate.swift */ = {isa = PBXFileReference; lastKnownFileType = sourcecode.swift; path = AppDelegate.swift; sourceTree = "<group>"; };
		466B360C1F0DE2C600DE6869 /* ViewController.swift */ = {isa = PBXFileReference; lastKnownFileType = sourcecode.swift; path = ViewController.swift; sourceTree = "<group>"; };
		466B360F1F0DE2C600DE6869 /* Base */ = {isa = PBXFileReference; lastKnownFileType = file.storyboard; name = Base; path = Base.lproj/Main.storyboard; sourceTree = "<group>"; };
		466B36111F0DE2C600DE6869 /* Assets.xcassets */ = {isa = PBXFileReference; lastKnownFileType = folder.assetcatalog; path = Assets.xcassets; sourceTree = "<group>"; };
		466B36141F0DE2C600DE6869 /* Base */ = {isa = PBXFileReference; lastKnownFileType = file.storyboard; name = Base; path = Base.lproj/LaunchScreen.storyboard; sourceTree = "<group>"; };
		466B36161F0DE2C600DE6869 /* Info.plist */ = {isa = PBXFileReference; lastKnownFileType = text.plist.xml; path = Info.plist; sourceTree = "<group>"; };
/* End PBXFileReference section */

/* Begin PBXFrameworksBuildPhase section */
		466B36041F0DE2C600DE6869 /* Frameworks */ = {
			isa = PBXFrameworksBuildPhase;
			buildActionMask = 2147483647;
			files = (
			);
			runOnlyForDeploymentPostprocessing = 0;
		};
/* End PBXFrameworksBuildPhase section */

/* Begin PBXGroup section */
		466B35FE1F0DE2C600DE6869 = {
			isa = PBXGroup;
			children = (
				466B36091F0DE2C600DE6869 /* Swift_Base_Demo */,
				466B36081F0DE2C600DE6869 /* Products */,
			);
			sourceTree = "<group>";
		};
		466B36081F0DE2C600DE6869 /* Products */ = {
			isa = PBXGroup;
			children = (
				466B36071F0DE2C600DE6869 /* Swift_Base_Demo.app */,
			);
			name = Products;
			sourceTree = "<group>";
		};
		466B36091F0DE2C600DE6869 /* Swift_Base_Demo */ = {
			isa = PBXGroup;
			children = (
				466B360A1F0DE2C600DE6869 /* AppDelegate.swift */,
				466B360C1F0DE2C600DE6869 /* ViewController.swift */,
				466B360E1F0DE2C600DE6869 /* Main.storyboard */,
				466B36111F0DE2C600DE6869 /* Assets.xcassets */,
				466B36131F0DE2C600DE6869 /* LaunchScreen.storyboard */,
				466B36161F0DE2C600DE6869 /* Info.plist */,
			);
			path = Swift_Base_Demo;
			sourceTree = "<group>";
		};
/* End PBXGroup section */

/* Begin PBXNativeTarget section */
		466B36061F0DE2C600DE6869 /* Swift_Base_Demo */ = {
			isa = PBXNativeTarget;
			buildConfigurationList = 466B36191F0DE2C600DE6869 /* Build configuration list for PBXNativeTarget "Swift_Base_Demo" */;
			buildPhases = (
				466B36031F0DE2C600DE6869 /* Sources */,
				466B36041F0DE2C600DE6869 /* Frameworks */,
				466B36051F0DE2C600DE6869 /* Resources */,
			);
			buildRules = (
			);
			dependencies = (
			);
			name = Swift_Base_Demo;
			productName = Swift_Base_Demo;
			productReference = 466B36071F0DE2C600DE6869 /* Swift_Base_Demo.app */;
			productType = "com.apple.product-type.application";
		};
/* End PBXNativeTarget section */

/* Begin PBXProject section */
		466B35FF1F0DE2C600DE6869 /* Project object */ = {
			isa = PBXProject;
			attributes = {
				LastSwiftUpdateCheck = 0830;
				LastUpgradeCheck = 0830;
				ORGANIZATIONNAME = minxing;
				TargetAttributes = {
					466B36061F0DE2C600DE6869 = {
						CreatedOnToolsVersion = 8.3.3;
						DevelopmentTeam = 2STZ5AM32F;
						ProvisioningStyle = Automatic;
					};
				};
			};
			buildConfigurationList = 466B36021F0DE2C600DE6869 /* Build configuration list for PBXProject "Swift_Base_Demo" */;
			compatibilityVersion = "Xcode 3.2";
			developmentRegion = English;
			hasScannedForEncodings = 0;
			knownRegions = (
				en,
				Base,
			);
			mainGroup = 466B35FE1F0DE2C600DE6869;
			productRefGroup = 466B36081F0DE2C600DE6869 /* Products */;
			projectDirPath = "";
			projectRoot = "";
			targets = (
				466B36061F0DE2C600DE6869 /* Swift_Base_Demo */,
			);
		};
/* End PBXProject section */

/* Begin PBXResourcesBuildPhase section */
		466B36051F0DE2C600DE6869 /* Resources */ = {
			isa = PBXResourcesBuildPhase;
			buildActionMask = 2147483647;
			files = (
				466B36151F0DE2C600DE6869 /* LaunchScreen.storyboard in Resources */,
				466B36121F0DE2C600DE6869 /* Assets.xcassets in Resources */,
				466B36101F0DE2C600DE6869 /* Main.storyboard in Resources */,
			);
			runOnlyForDeploymentPostprocessing = 0;
		};
/* End PBXResourcesBuildPhase section */

/* Begin PBXSourcesBuildPhase section */
		466B36031F0DE2C600DE6869 /* Sources */ = {
			isa = PBXSourcesBuildPhase;
			buildActionMask = 2147483647;
			files = (
				466B360D1F0DE2C600DE6869 /* ViewController.swift in Sources */,
				466B360B1F0DE2C600DE6869 /* AppDelegate.swift in Sources */,
			);
			runOnlyForDeploymentPostprocessing = 0;
		};
/* End PBXSourcesBuildPhase section */

/* Begin PBXVariantGroup section */
		466B360E1F0DE2C600DE6869 /* Main.storyboard */ = {
			isa = PBXVariantGroup;
			children = (
				466B360F1F0DE2C600DE6869 /* Base */,
			);
			name = Main.storyboard;
			sourceTree = "<group>";
		};
		466B36131F0DE2C600DE6869 /* LaunchScreen.storyboard */ = {
			isa = PBXVariantGroup;
			children = (
				466B36141F0DE2C600DE6869 /* Base */,
			);
			name = LaunchScreen.storyboard;
			sourceTree = "<group>";
		};
/* End PBXVariantGroup section */

/* Begin XCBuildConfiguration section */
		466B36171F0DE2C600DE6869 /* Debug */ = {
			isa = XCBuildConfiguration;
			buildSettings = {
				ALWAYS_SEARCH_USER_PATHS = NO;
				CLANG_ANALYZER_NONNULL = YES;
				CLANG_ANALYZER_NUMBER_OBJECT_CONVERSION = YES_AGGRESSIVE;
				CLANG_CXX_LANGUAGE_STANDARD = "gnu++0x";
				CLANG_CXX_LIBRARY = "libc++";
				CLANG_ENABLE_MODULES = YES;
				CLANG_ENABLE_OBJC_ARC = YES;
				CLANG_WARN_BOOL_CONVERSION = YES;
				CLANG_WARN_CONSTANT_CONVERSION = YES;
				CLANG_WARN_DIRECT_OBJC_ISA_USAGE = YES_ERROR;
				CLANG_WARN_DOCUMENTATION_COMMENTS = YES;
				CLANG_WARN_EMPTY_BODY = YES;
				CLANG_WARN_ENUM_CONVERSION = YES;
				CLANG_WARN_INFINITE_RECURSION = YES;
				CLANG_WARN_INT_CONVERSION = YES;
				CLANG_WARN_OBJC_ROOT_CLASS = YES_ERROR;
				CLANG_WARN_SUSPICIOUS_MOVE = YES;
				CLANG_WARN_UNREACHABLE_CODE = YES;
				CLANG_WARN__DUPLICATE_METHOD_MATCH = YES;
				"CODE_SIGN_IDENTITY[sdk=iphoneos*]" = "iPhone Developer";
				COPY_PHASE_STRIP = NO;
				DEBUG_INFORMATION_FORMAT = dwarf;
				ENABLE_STRICT_OBJC_MSGSEND = YES;
				ENABLE_TESTABILITY = YES;
				GCC_C_LANGUAGE_STANDARD = gnu99;
				GCC_DYNAMIC_NO_PIC = NO;
				GCC_NO_COMMON_BLOCKS = YES;
				GCC_OPTIMIZATION_LEVEL = 0;
				GCC_PREPROCESSOR_DEFINITIONS = (
					"DEBUG=1",
					"$(inherited)",
				);
				GCC_WARN_64_TO_32_BIT_CONVERSION = YES;
				GCC_WARN_ABOUT_RETURN_TYPE = YES_ERROR;
				GCC_WARN_UNDECLARED_SELECTOR = YES;
				GCC_WARN_UNINITIALIZED_AUTOS = YES_AGGRESSIVE;
				GCC_WARN_UNUSED_FUNCTION = YES;
				GCC_WARN_UNUSED_VARIABLE = YES;
				IPHONEOS_DEPLOYMENT_TARGET = 10.3;
				MTL_ENABLE_DEBUG_INFO = YES;
				ONLY_ACTIVE_ARCH = YES;
				SDKROOT = iphoneos;
				SWIFT_ACTIVE_COMPILATION_CONDITIONS = DEBUG;
				SWIFT_OPTIMIZATION_LEVEL = "-Onone";
			};
			name = Debug;
		};
		466B36181F0DE2C600DE6869 /* Release */ = {
			isa = XCBuildConfiguration;
			buildSettings = {
				ALWAYS_SEARCH_USER_PATHS = NO;
				CLANG_ANALYZER_NONNULL = YES;
				CLANG_ANALYZER_NUMBER_OBJECT_CONVERSION = YES_AGGRESSIVE;
				CLANG_CXX_LANGUAGE_STANDARD = "gnu++0x";
				CLANG_CXX_LIBRARY = "libc++";
				CLANG_ENABLE_MODULES = YES;
				CLANG_ENABLE_OBJC_ARC = YES;
				CLANG_WARN_BOOL_CONVERSION = YES;
				CLANG_WARN_CONSTANT_CONVERSION = YES;
				CLANG_WARN_DIRECT_OBJC_ISA_USAGE = YES_ERROR;
				CLANG_WARN_DOCUMENTATION_COMMENTS = YES;
				CLANG_WARN_EMPTY_BODY = YES;
				CLANG_WARN_ENUM_CONVERSION = YES;
				CLANG_WARN_INFINITE_RECURSION = YES;
				CLANG_WARN_INT_CONVERSION = YES;
				CLANG_WARN_OBJC_ROOT_CLASS = YES_ERROR;
				CLANG_WARN_SUSPICIOUS_MOVE = YES;
				CLANG_WARN_UNREACHABLE_CODE = YES;
				CLANG_WARN__DUPLICATE_METHOD_MATCH = YES;
				"CODE_SIGN_IDENTITY[sdk=iphoneos*]" = "iPhone Developer";
				COPY_PHASE_STRIP = NO;
				DEBUG_INFORMATION_FORMAT = "dwarf-with-dsym";
				ENABLE_NS_ASSERTIONS = NO;
				ENABLE_STRICT_OBJC_MSGSEND = YES;
				GCC_C_LANGUAGE_STANDARD = gnu99;
				GCC_NO_COMMON_BLOCKS = YES;
				GCC_WARN_64_TO_32_BIT_CONVERSION = YES;
				GCC_WARN_ABOUT_RETURN_TYPE = YES_ERROR;
				GCC_WARN_UNDECLARED_SELECTOR = YES;
				GCC_WARN_UNINITIALIZED_AUTOS = YES_AGGRESSIVE;
				GCC_WARN_UNUSED_FUNCTION = YES;
				GCC_WARN_UNUSED_VARIABLE = YES;
				IPHONEOS_DEPLOYMENT_TARGET = 10.3;
				MTL_ENABLE_DEBUG_INFO = NO;
				SDKROOT = iphoneos;
				SWIFT_OPTIMIZATION_LEVEL = "-Owholemodule";
				VALIDATE_PRODUCT = YES;
			};
			name = Release;
		};
		466B361A1F0DE2C600DE6869 /* Debug */ = {
			isa = XCBuildConfiguration;
			buildSettings = {
				ASSETCATALOG_COMPILER_APPICON_NAME = AppIcon;
				DEVELOPMENT_TEAM = 2STZ5AM32F;
				INFOPLIST_FILE = Swift_Base_Demo/Info.plist;
				LD_RUNPATH_SEARCH_PATHS = "$(inherited) @executable_path/Frameworks";
				PRODUCT_BUNDLE_IDENTIFIER = "com.minxing.Swift-Base-Demo";
				PRODUCT_NAME = "$(TARGET_NAME)";
				SWIFT_VERSION = 3.0;
			};
			name = Debug;
		};
		466B361B1F0DE2C600DE6869 /* Release */ = {
			isa = XCBuildConfiguration;
			buildSettings = {
				ASSETCATALOG_COMPILER_APPICON_NAME = AppIcon;
				DEVELOPMENT_TEAM = 2STZ5AM32F;
				INFOPLIST_FILE = Swift_Base_Demo/Info.plist;
				LD_RUNPATH_SEARCH_PATHS = "$(inherited) @executable_path/Frameworks";
				PRODUCT_BUNDLE_IDENTIFIER = "com.minxing.Swift-Base-Demo";
				PRODUCT_NAME = "$(TARGET_NAME)";
				SWIFT_VERSION = 3.0;
			};
			name = Release;
		};
/* End XCBuildConfiguration section */

/* Begin XCConfigurationList section */
		466B36021F0DE2C600DE6869 /* Build configuration list for PBXProject "Swift_Base_Demo" */ = {
			isa = XCConfigurationList;
			buildConfigurations = (
				466B36171F0DE2C600DE6869 /* Debug */,
				466B36181F0DE2C600DE6869 /* Release */,
			);
			defaultConfigurationIsVisible = 0;
			defaultConfigurationName = Release;
		};
		466B36191F0DE2C600DE6869 /* Build configuration list for PBXNativeTarget "Swift_Base_Demo" */ = {
			isa = XCConfigurationList;
			buildConfigurations = (
				466B361A1F0DE2C600DE6869 /* Debug */,
				466B361B1F0DE2C600DE6869 /* Release */,
			);
			defaultConfigurationIsVisible = 0;
		};
/* End XCConfigurationList section */
	};
	rootObject = 466B35FF1F0DE2C600DE6869 /* Project object */;
}
